
Microsoft Visual Studio Solution File, Format Version 12.00
# Visual Studio Version 17
VisualStudioVersion = 17.4.33110.190
MinimumVisualStudioVersion = 10.0.40219.1
Project("{FAE04EC0-301F-11D3-BF4B-00C04F79EFBC}") = "SLEMM", "SLEMM\SLEMM.csproj", "{D9AFB0E1-064F-4735-8787-BA839A873EF5}"
EndProject
Global
	GlobalSection(SolutionConfigurationPlatforms) = preSolution
		Debug|Any CPU = Debug|Any CPU
		Release|Any CPU = Release|Any CPU
	EndGlobalSection
	GlobalSection(ProjectConfigurationPlatforms) = postSolution
		{D9AFB0E1-064F-4735-8787-BA839A873EF5}.Debug|Any CPU.ActiveCfg = Debug|Any CPU
		{D9AFB0E1-064F-4735-8787-BA839A873EF5}.Debug|Any CPU.Build.0 = Debug|Any CPU
		{D9AFB0E1-064F-4735-8787-BA839A873EF5}.Release|Any CPU.ActiveCfg = Release|Any CPU
		{D9AFB0E1-064F-4735-8787-BA839A873EF5}.Release|Any CPU.Build.0 = Release|Any CPU
	EndGlobalSection
	GlobalSection(SolutionProperties) = preSolution
		HideSolutionNode = FALSE
	EndGlobalSection
	GlobalSection(ExtensibilityGlobals) = postSolution
		SolutionGuid = {5AF232F5-63C0-4E23-BF93-0D202EF721B3}
	EndGlobalSection
EndGlobal
